
Microsoft Visual Studio Solution File, Format Version 12.00
# Visual Studio 15
VisualStudioVersion = 15.0.27130.2003
MinimumVisualStudioVersion = 10.0.40219.1
Project("{FAE04EC0-301F-11D3-BF4B-00C04F79EFBC}") = "PCAN_USB_UI", "PCAN_USB_UI\PCAN_USB_UI.csproj", "{3B1D6BF9-6D1C-4926-A882-70EEAA60249E}"
EndProject
Project("{FAE04EC0-301F-11D3-BF4B-00C04F79EFBC}") = "PCAN_USB", "PCAN_USB\PCAN_USB.csproj", "{A353007B-3AF7-414B-BEED-E13906F51AD1}"
EndProject
Global
	GlobalSection(SolutionConfigurationPlatforms) = preSolution
		Debug|Any CPU = Debug|Any CPU
		Release|Any CPU = Release|Any CPU
	EndGlobalSection
	GlobalSection(ProjectConfigurationPlatforms) = postSolution
		{3B1D6BF9-6D1C-4926-A882-70EEAA60249E}.Debug|Any CPU.ActiveCfg = Debug|Any CPU
		{3B1D6BF9-6D1C-4926-A882-70EEAA60249E}.Debug|Any CPU.Build.0 = Debug|Any CPU
		{3B1D6BF9-6D1C-4926-A882-70EEAA60249E}.Release|Any CPU.ActiveCfg = Release|Any CPU
		{3B1D6BF9-6D1C-4926-A882-70EEAA60249E}.Release|Any CPU.Build.0 = Release|Any CPU
		{A353007B-3AF7-414B-BEED-E13906F51AD1}.Debug|Any CPU.ActiveCfg = Debug|Any CPU
		{A353007B-3AF7-414B-BEED-E13906F51AD1}.Debug|Any CPU.Build.0 = Debug|Any CPU
		{A353007B-3AF7-414B-BEED-E13906F51AD1}.Release|Any CPU.ActiveCfg = Release|Any CPU
		{A353007B-3AF7-414B-BEED-E13906F51AD1}.Release|Any CPU.Build.0 = Release|Any CPU
	EndGlobalSection
	GlobalSection(SolutionProperties) = preSolution
		HideSolutionNode = FALSE
	EndGlobalSection
	GlobalSection(ExtensibilityGlobals) = postSolution
		SolutionGuid = {58065838-AF93-4DB0-829B-43C471039534}
	EndGlobalSection
EndGlobal
